
Microsoft Visual Studio Solution File, Format Version 12.00
Project("{FAE04EC0-301F-11D3-BF4B-00C04F79EFBC}") = "ocicat", "ocicat\ocicat.csproj", "{55597CEB-C61F-442E-8134-4E24D089AFC8}"
EndProject
Project("{FAE04EC0-301F-11D3-BF4B-00C04F79EFBC}") = "TestGame", "TestGame\TestGame.csproj", "{536E16B9-889A-4D0E-9E20-8180E7397BFD}"
EndProject
Project("{2150E333-8FDC-42A3-9474-1A3956D46DE8}") = "Examples", "Examples", "{8F17949E-0617-42FF-AB95-7082B3677ED1}"
EndProject
Project("{FAE04EC0-301F-11D3-BF4B-00C04F79EFBC}") = "BasicWindow", "Examples\BasicWindow\BasicWindow.csproj", "{900A4559-EB60-4661-AC34-0052390DED7D}"
EndProject
Project("{FAE04EC0-301F-11D3-BF4B-00C04F79EFBC}") = "Textures", "Examples\Textures\Textures.csproj", "{2A558F43-DCC5-4425-BB0E-83B0CFCF7DE1}"
EndProject
Project("{FAE04EC0-301F-11D3-BF4B-00C04F79EFBC}") = "Animation", "Examples\Animation\Animation.csproj", "{CB3B84F6-F3F9-4CFA-9189-3C51DDEEB1A7}"
EndProject
Project("{FAE04EC0-301F-11D3-BF4B-00C04F79EFBC}") = "Text", "Examples\Text\Text.csproj", "{D0E35E92-3014-422F-B04C-6D7C06F87D16}"
EndProject
Project("{FAE04EC0-301F-11D3-BF4B-00C04F79EFBC}") = "Shapes", "Examples\Shapes\Shapes.csproj", "{EB68DDF4-247A-4A3E-90BC-04C779006EAC}"
EndProject
Project("{FAE04EC0-301F-11D3-BF4B-00C04F79EFBC}") = "Audio", "Examples\Audio\Audio.csproj", "{983108C4-F63B-4454-9363-C30FACEA28C3}"
EndProject
Project("{FAE04EC0-301F-11D3-BF4B-00C04F79EFBC}") = "Spritesheet", "Examples\Spritesheet\Spritesheet.csproj", "{BD4A1251-B5AA-41AE-ACF8-6004C3B72651}"
EndProject
Global
	GlobalSection(SolutionConfigurationPlatforms) = preSolution
		Debug|Any CPU = Debug|Any CPU
		Release|Any CPU = Release|Any CPU
	EndGlobalSection
	GlobalSection(ProjectConfigurationPlatforms) = postSolution
		{55597CEB-C61F-442E-8134-4E24D089AFC8}.Debug|Any CPU.ActiveCfg = Debug|Any CPU
		{55597CEB-C61F-442E-8134-4E24D089AFC8}.Debug|Any CPU.Build.0 = Debug|Any CPU
		{55597CEB-C61F-442E-8134-4E24D089AFC8}.Release|Any CPU.ActiveCfg = Release|Any CPU
		{55597CEB-C61F-442E-8134-4E24D089AFC8}.Release|Any CPU.Build.0 = Release|Any CPU
		{536E16B9-889A-4D0E-9E20-8180E7397BFD}.Debug|Any CPU.ActiveCfg = Debug|Any CPU
		{536E16B9-889A-4D0E-9E20-8180E7397BFD}.Debug|Any CPU.Build.0 = Debug|Any CPU
		{536E16B9-889A-4D0E-9E20-8180E7397BFD}.Release|Any CPU.ActiveCfg = Release|Any CPU
		{536E16B9-889A-4D0E-9E20-8180E7397BFD}.Release|Any CPU.Build.0 = Release|Any CPU
		{900A4559-EB60-4661-AC34-0052390DED7D}.Debug|Any CPU.ActiveCfg = Debug|Any CPU
		{900A4559-EB60-4661-AC34-0052390DED7D}.Debug|Any CPU.Build.0 = Debug|Any CPU
		{900A4559-EB60-4661-AC34-0052390DED7D}.Release|Any CPU.ActiveCfg = Release|Any CPU
		{900A4559-EB60-4661-AC34-0052390DED7D}.Release|Any CPU.Build.0 = Release|Any CPU
		{2A558F43-DCC5-4425-BB0E-83B0CFCF7DE1}.Debug|Any CPU.ActiveCfg = Debug|Any CPU
		{2A558F43-DCC5-4425-BB0E-83B0CFCF7DE1}.Debug|Any CPU.Build.0 = Debug|Any CPU
		{2A558F43-DCC5-4425-BB0E-83B0CFCF7DE1}.Release|Any CPU.ActiveCfg = Release|Any CPU
		{2A558F43-DCC5-4425-BB0E-83B0CFCF7DE1}.Release|Any CPU.Build.0 = Release|Any CPU
		{CB3B84F6-F3F9-4CFA-9189-3C51DDEEB1A7}.Debug|Any CPU.ActiveCfg = Debug|Any CPU
		{CB3B84F6-F3F9-4CFA-9189-3C51DDEEB1A7}.Debug|Any CPU.Build.0 = Debug|Any CPU
		{CB3B84F6-F3F9-4CFA-9189-3C51DDEEB1A7}.Release|Any CPU.ActiveCfg = Release|Any CPU
		{CB3B84F6-F3F9-4CFA-9189-3C51DDEEB1A7}.Release|Any CPU.Build.0 = Release|Any CPU
		{D0E35E92-3014-422F-B04C-6D7C06F87D16}.Debug|Any CPU.ActiveCfg = Debug|Any CPU
		{D0E35E92-3014-422F-B04C-6D7C06F87D16}.Debug|Any CPU.Build.0 = Debug|Any CPU
		{D0E35E92-3014-422F-B04C-6D7C06F87D16}.Release|Any CPU.ActiveCfg = Release|Any CPU
		{D0E35E92-3014-422F-B04C-6D7C06F87D16}.Release|Any CPU.Build.0 = Release|Any CPU
		{EB68DDF4-247A-4A3E-90BC-04C779006EAC}.Debug|Any CPU.ActiveCfg = Debug|Any CPU
		{EB68DDF4-247A-4A3E-90BC-04C779006EAC}.Debug|Any CPU.Build.0 = Debug|Any CPU
		{EB68DDF4-247A-4A3E-90BC-04C779006EAC}.Release|Any CPU.ActiveCfg = Release|Any CPU
		{EB68DDF4-247A-4A3E-90BC-04C779006EAC}.Release|Any CPU.Build.0 = Release|Any CPU
		{983108C4-F63B-4454-9363-C30FACEA28C3}.Debug|Any CPU.ActiveCfg = Debug|Any CPU
		{983108C4-F63B-4454-9363-C30FACEA28C3}.Debug|Any CPU.Build.0 = Debug|Any CPU
		{983108C4-F63B-4454-9363-C30FACEA28C3}.Release|Any CPU.ActiveCfg = Release|Any CPU
		{983108C4-F63B-4454-9363-C30FACEA28C3}.Release|Any CPU.Build.0 = Release|Any CPU
		{BD4A1251-B5AA-41AE-ACF8-6004C3B72651}.Debug|Any CPU.ActiveCfg = Debug|Any CPU
		{BD4A1251-B5AA-41AE-ACF8-6004C3B72651}.Debug|Any CPU.Build.0 = Debug|Any CPU
		{BD4A1251-B5AA-41AE-ACF8-6004C3B72651}.Release|Any CPU.ActiveCfg = Release|Any CPU
		{BD4A1251-B5AA-41AE-ACF8-6004C3B72651}.Release|Any CPU.Build.0 = Release|Any CPU
	EndGlobalSection
	GlobalSection(NestedProjects) = preSolution
		{900A4559-EB60-4661-AC34-0052390DED7D} = {8F17949E-0617-42FF-AB95-7082B3677ED1}
		{2A558F43-DCC5-4425-BB0E-83B0CFCF7DE1} = {8F17949E-0617-42FF-AB95-7082B3677ED1}
		{CB3B84F6-F3F9-4CFA-9189-3C51DDEEB1A7} = {8F17949E-0617-42FF-AB95-7082B3677ED1}
		{D0E35E92-3014-422F-B04C-6D7C06F87D16} = {8F17949E-0617-42FF-AB95-7082B3677ED1}
		{EB68DDF4-247A-4A3E-90BC-04C779006EAC} = {8F17949E-0617-42FF-AB95-7082B3677ED1}
		{983108C4-F63B-4454-9363-C30FACEA28C3} = {8F17949E-0617-42FF-AB95-7082B3677ED1}
		{BD4A1251-B5AA-41AE-ACF8-6004C3B72651} = {8F17949E-0617-42FF-AB95-7082B3677ED1}
	EndGlobalSection
EndGlobal
